
Microsoft Visual Studio Solution File, Format Version 12.00
# Visual Studio 15
VisualStudioVersion = 15.0.27703.2035
MinimumVisualStudioVersion = 10.0.40219.1
Project("{8BC9CEB8-8B4A-11D0-8D11-00A0C91BC942}") = "ConsoleApplication1", "ConsoleApplication1\ConsoleApplication1.vcxproj", "{B31723A3-F255-432A-BDEB-81B01497E2C3}"
EndProject
Project("{8BC9CEB8-8B4A-11D0-8D11-00A0C91BC942}") = "Std_Thread", "Std_Thread\Std_Thread.vcxproj", "{E29D1B16-2612-45AF-BEE2-6A434D531E4F}"
EndProject
Project("{8BC9CEB8-8B4A-11D0-8D11-00A0C91BC942}") = "Pimpl", "Pimpl\Pimpl.vcxproj", "{4E45E1AF-9D9F-43F2-BA54-DC61CA3F769A}"
EndProject
Project("{8BC9CEB8-8B4A-11D0-8D11-00A0C91BC942}") = "Multi_Inheritance", "Multi_Inheritance\Multi_Inheritance.vcxproj", "{F27B032D-67FD-4A7F-B9DD-9E1DA530A166}"
EndProject
Project("{8BC9CEB8-8B4A-11D0-8D11-00A0C91BC942}") = "Enable_Shared_From_This", "Enable_Shared_From_This\Enable_Shared_From_This.vcxproj", "{3EAA1280-1CFE-4E8E-9447-5289B2CED410}"
EndProject
Project("{8BC9CEB8-8B4A-11D0-8D11-00A0C91BC942}") = "Std_Chrono", "Std_Chrono\Std_Chrono.vcxproj", "{0B0BB0EE-BEBE-4FAA-9E5C-0A76C7D705CE}"
EndProject
Project("{8BC9CEB8-8B4A-11D0-8D11-00A0C91BC942}") = "interval_sum", "interval_sum\interval_sum.vcxproj", "{4749CB8D-CC5C-4328-9E5F-FC1EE8438497}"
EndProject
Project("{8BC9CEB8-8B4A-11D0-8D11-00A0C91BC942}") = "static_class_member", "static_class_member\static_class_member.vcxproj", "{660638A1-928C-47B2-8B1C-12C5EABA1E10}"
EndProject
Project("{8BC9CEB8-8B4A-11D0-8D11-00A0C91BC942}") = "private_virtual", "private_virtual\private_virtual.vcxproj", "{AC986851-4A40-4B03-8127-796641772D65}"
EndProject
Project("{8BC9CEB8-8B4A-11D0-8D11-00A0C91BC942}") = "LC", "LC\LC.vcxproj", "{0C92FBD2-6DF0-4050-B44A-43898A9F558F}"
EndProject
Global
	GlobalSection(SolutionConfigurationPlatforms) = preSolution
		Debug|x64 = Debug|x64
		Debug|x86 = Debug|x86
		Release|x64 = Release|x64
		Release|x86 = Release|x86
	EndGlobalSection
	GlobalSection(ProjectConfigurationPlatforms) = postSolution
		{B31723A3-F255-432A-BDEB-81B01497E2C3}.Debug|x64.ActiveCfg = Debug|x64
		{B31723A3-F255-432A-BDEB-81B01497E2C3}.Debug|x64.Build.0 = Debug|x64
		{B31723A3-F255-432A-BDEB-81B01497E2C3}.Debug|x86.ActiveCfg = Debug|Win32
		{B31723A3-F255-432A-BDEB-81B01497E2C3}.Debug|x86.Build.0 = Debug|Win32
		{B31723A3-F255-432A-BDEB-81B01497E2C3}.Release|x64.ActiveCfg = Release|x64
		{B31723A3-F255-432A-BDEB-81B01497E2C3}.Release|x64.Build.0 = Release|x64
		{B31723A3-F255-432A-BDEB-81B01497E2C3}.Release|x86.ActiveCfg = Release|Win32
		{B31723A3-F255-432A-BDEB-81B01497E2C3}.Release|x86.Build.0 = Release|Win32
		{E29D1B16-2612-45AF-BEE2-6A434D531E4F}.Debug|x64.ActiveCfg = Debug|x64
		{E29D1B16-2612-45AF-BEE2-6A434D531E4F}.Debug|x64.Build.0 = Debug|x64
		{E29D1B16-2612-45AF-BEE2-6A434D531E4F}.Debug|x86.ActiveCfg = Debug|Win32
		{E29D1B16-2612-45AF-BEE2-6A434D531E4F}.Debug|x86.Build.0 = Debug|Win32
		{E29D1B16-2612-45AF-BEE2-6A434D531E4F}.Release|x64.ActiveCfg = Release|x64
		{E29D1B16-2612-45AF-BEE2-6A434D531E4F}.Release|x64.Build.0 = Release|x64
		{E29D1B16-2612-45AF-BEE2-6A434D531E4F}.Release|x86.ActiveCfg = Release|Win32
		{E29D1B16-2612-45AF-BEE2-6A434D531E4F}.Release|x86.Build.0 = Release|Win32
		{4E45E1AF-9D9F-43F2-BA54-DC61CA3F769A}.Debug|x64.ActiveCfg = Debug|x64
		{4E45E1AF-9D9F-43F2-BA54-DC61CA3F769A}.Debug|x64.Build.0 = Debug|x64
		{4E45E1AF-9D9F-43F2-BA54-DC61CA3F769A}.Debug|x86.ActiveCfg = Debug|Win32
		{4E45E1AF-9D9F-43F2-BA54-DC61CA3F769A}.Debug|x86.Build.0 = Debug|Win32
		{4E45E1AF-9D9F-43F2-BA54-DC61CA3F769A}.Release|x64.ActiveCfg = Release|x64
		{4E45E1AF-9D9F-43F2-BA54-DC61CA3F769A}.Release|x64.Build.0 = Release|x64
		{4E45E1AF-9D9F-43F2-BA54-DC61CA3F769A}.Release|x86.ActiveCfg = Release|Win32
		{4E45E1AF-9D9F-43F2-BA54-DC61CA3F769A}.Release|x86.Build.0 = Release|Win32
		{F27B032D-67FD-4A7F-B9DD-9E1DA530A166}.Debug|x64.ActiveCfg = Debug|x64
		{F27B032D-67FD-4A7F-B9DD-9E1DA530A166}.Debug|x64.Build.0 = Debug|x64
		{F27B032D-67FD-4A7F-B9DD-9E1DA530A166}.Debug|x86.ActiveCfg = Debug|Win32
		{F27B032D-67FD-4A7F-B9DD-9E1DA530A166}.Debug|x86.Build.0 = Debug|Win32
		{F27B032D-67FD-4A7F-B9DD-9E1DA530A166}.Release|x64.ActiveCfg = Release|x64
		{F27B032D-67FD-4A7F-B9DD-9E1DA530A166}.Release|x64.Build.0 = Release|x64
		{F27B032D-67FD-4A7F-B9DD-9E1DA530A166}.Release|x86.ActiveCfg = Release|Win32
		{F27B032D-67FD-4A7F-B9DD-9E1DA530A166}.Release|x86.Build.0 = Release|Win32
		{3EAA1280-1CFE-4E8E-9447-5289B2CED410}.Debug|x64.ActiveCfg = Debug|x64
		{3EAA1280-1CFE-4E8E-9447-5289B2CED410}.Debug|x64.Build.0 = Debug|x64
		{3EAA1280-1CFE-4E8E-9447-5289B2CED410}.Debug|x86.ActiveCfg = Debug|Win32
		{3EAA1280-1CFE-4E8E-9447-5289B2CED410}.Debug|x86.Build.0 = Debug|Win32
		{3EAA1280-1CFE-4E8E-9447-5289B2CED410}.Release|x64.ActiveCfg = Release|x64
		{3EAA1280-1CFE-4E8E-9447-5289B2CED410}.Release|x64.Build.0 = Release|x64
		{3EAA1280-1CFE-4E8E-9447-5289B2CED410}.Release|x86.ActiveCfg = Release|Win32
		{3EAA1280-1CFE-4E8E-9447-5289B2CED410}.Release|x86.Build.0 = Release|Win32
		{0B0BB0EE-BEBE-4FAA-9E5C-0A76C7D705CE}.Debug|x64.ActiveCfg = Debug|x64
		{0B0BB0EE-BEBE-4FAA-9E5C-0A76C7D705CE}.Debug|x64.Build.0 = Debug|x64
		{0B0BB0EE-BEBE-4FAA-9E5C-0A76C7D705CE}.Debug|x86.ActiveCfg = Debug|Win32
		{0B0BB0EE-BEBE-4FAA-9E5C-0A76C7D705CE}.Debug|x86.Build.0 = Debug|Win32
		{0B0BB0EE-BEBE-4FAA-9E5C-0A76C7D705CE}.Release|x64.ActiveCfg = Release|x64
		{0B0BB0EE-BEBE-4FAA-9E5C-0A76C7D705CE}.Release|x64.Build.0 = Release|x64
		{0B0BB0EE-BEBE-4FAA-9E5C-0A76C7D705CE}.Release|x86.ActiveCfg = Release|Win32
		{0B0BB0EE-BEBE-4FAA-9E5C-0A76C7D705CE}.Release|x86.Build.0 = Release|Win32
		{4749CB8D-CC5C-4328-9E5F-FC1EE8438497}.Debug|x64.ActiveCfg = Debug|x64
		{4749CB8D-CC5C-4328-9E5F-FC1EE8438497}.Debug|x64.Build.0 = Debug|x64
		{4749CB8D-CC5C-4328-9E5F-FC1EE8438497}.Debug|x86.ActiveCfg = Debug|Win32
		{4749CB8D-CC5C-4328-9E5F-FC1EE8438497}.Debug|x86.Build.0 = Debug|Win32
		{4749CB8D-CC5C-4328-9E5F-FC1EE8438497}.Release|x64.ActiveCfg = Release|x64
		{4749CB8D-CC5C-4328-9E5F-FC1EE8438497}.Release|x64.Build.0 = Release|x64
		{4749CB8D-CC5C-4328-9E5F-FC1EE8438497}.Release|x86.ActiveCfg = Release|Win32
		{4749CB8D-CC5C-4328-9E5F-FC1EE8438497}.Release|x86.Build.0 = Release|Win32
		{660638A1-928C-47B2-8B1C-12C5EABA1E10}.Debug|x64.ActiveCfg = Debug|x64
		{660638A1-928C-47B2-8B1C-12C5EABA1E10}.Debug|x64.Build.0 = Debug|x64
		{660638A1-928C-47B2-8B1C-12C5EABA1E10}.Debug|x86.ActiveCfg = Debug|Win32
		{660638A1-928C-47B2-8B1C-12C5EABA1E10}.Debug|x86.Build.0 = Debug|Win32
		{660638A1-928C-47B2-8B1C-12C5EABA1E10}.Release|x64.ActiveCfg = Release|x64
		{660638A1-928C-47B2-8B1C-12C5EABA1E10}.Release|x64.Build.0 = Release|x64
		{660638A1-928C-47B2-8B1C-12C5EABA1E10}.Release|x86.ActiveCfg = Release|Win32
		{660638A1-928C-47B2-8B1C-12C5EABA1E10}.Release|x86.Build.0 = Release|Win32
		{AC986851-4A40-4B03-8127-796641772D65}.Debug|x64.ActiveCfg = Debug|x64
		{AC986851-4A40-4B03-8127-796641772D65}.Debug|x64.Build.0 = Debug|x64
		{AC986851-4A40-4B03-8127-796641772D65}.Debug|x86.ActiveCfg = Debug|Win32
		{AC986851-4A40-4B03-8127-796641772D65}.Debug|x86.Build.0 = Debug|Win32
		{AC986851-4A40-4B03-8127-796641772D65}.Release|x64.ActiveCfg = Release|x64
		{AC986851-4A40-4B03-8127-796641772D65}.Release|x64.Build.0 = Release|x64
		{AC986851-4A40-4B03-8127-796641772D65}.Release|x86.ActiveCfg = Release|Win32
		{AC986851-4A40-4B03-8127-796641772D65}.Release|x86.Build.0 = Release|Win32
		{0C92FBD2-6DF0-4050-B44A-43898A9F558F}.Debug|x64.ActiveCfg = Debug|x64
		{0C92FBD2-6DF0-4050-B44A-43898A9F558F}.Debug|x64.Build.0 = Debug|x64
		{0C92FBD2-6DF0-4050-B44A-43898A9F558F}.Debug|x86.ActiveCfg = Debug|Win32
		{0C92FBD2-6DF0-4050-B44A-43898A9F558F}.Debug|x86.Build.0 = Debug|Win32
		{0C92FBD2-6DF0-4050-B44A-43898A9F558F}.Release|x64.ActiveCfg = Release|x64
		{0C92FBD2-6DF0-4050-B44A-43898A9F558F}.Release|x64.Build.0 = Release|x64
		{0C92FBD2-6DF0-4050-B44A-43898A9F558F}.Release|x86.ActiveCfg = Release|Win32
		{0C92FBD2-6DF0-4050-B44A-43898A9F558F}.Release|x86.Build.0 = Release|Win32
	EndGlobalSection
	GlobalSection(SolutionProperties) = preSolution
		HideSolutionNode = FALSE
	EndGlobalSection
	GlobalSection(ExtensibilityGlobals) = postSolution
		SolutionGuid = {86C524B0-FF17-459C-A8B2-1009FC9F28BF}
	EndGlobalSection
EndGlobal
